
Microsoft Visual Studio Solution File, Format Version 12.00
# Visual Studio Version 17
VisualStudioVersion = 17.4.33205.214
MinimumVisualStudioVersion = 10.0.40219.1
Project("{2150E333-8FDC-42A3-9474-1A3956D46DE8}") = "Solution Items", "Solution Items", "{194936AE-C294-42A8-A579-973BB706555A}"
	ProjectSection(SolutionItems) = preProject
		Class1.cs = Class1.cs
		HTMLPage1.html = HTMLPage1.html
		HTMLPage2.html = HTMLPage2.html
		Script1.js = Script1.js
		StyleSheet1.css = StyleSheet1.css
	EndProjectSection
EndProject
Project("{FAE04EC0-301F-11D3-BF4B-00C04F79EFBC}") = "WpfBrowserApp1", "WpfBrowserApp1\WpfBrowserApp1.csproj", "{1E9E0BFD-6803-4278-90F9-FEB9F024E2E4}"
EndProject
Global
	GlobalSection(SolutionConfigurationPlatforms) = preSolution
		Debug|Any CPU = Debug|Any CPU
		Release|Any CPU = Release|Any CPU
	EndGlobalSection
	GlobalSection(ProjectConfigurationPlatforms) = postSolution
		{1E9E0BFD-6803-4278-90F9-FEB9F024E2E4}.Debug|Any CPU.ActiveCfg = Debug|Any CPU
		{1E9E0BFD-6803-4278-90F9-FEB9F024E2E4}.Debug|Any CPU.Build.0 = Debug|Any CPU
		{1E9E0BFD-6803-4278-90F9-FEB9F024E2E4}.Release|Any CPU.ActiveCfg = Release|Any CPU
		{1E9E0BFD-6803-4278-90F9-FEB9F024E2E4}.Release|Any CPU.Build.0 = Release|Any CPU
	EndGlobalSection
	GlobalSection(SolutionProperties) = preSolution
		HideSolutionNode = FALSE
	EndGlobalSection
	GlobalSection(ExtensibilityGlobals) = postSolution
		SolutionGuid = {4759BA22-9316-466C-9FB5-7B96A5569840}
	EndGlobalSection
EndGlobal
